// !$*UTF8*$!
{
	archiveVersion = 1;
	classes = {
	};
	objectVersion = 46;
	objects = {

/* Begin PBXBuildFile section */
		757C899A1E5155BA00607187 /* AppDelegate.swift in Sources */ = {isa = PBXBuildFile; fileRef = 757C89991E5155BA00607187 /* AppDelegate.swift */; };
		757C899C1E5155BA00607187 /* ViewController.swift in Sources */ = {isa = PBXBuildFile; fileRef = 757C899B1E5155BA00607187 /* ViewController.swift */; };
		757C899F1E5155BA00607187 /* Main.storyboard in Resources */ = {isa = PBXBuildFile; fileRef = 757C899D1E5155BA00607187 /* Main.storyboard */; };
		757C89A11E5155BA00607187 /* Assets.xcassets in Resources */ = {isa = PBXBuildFile; fileRef = 757C89A01E5155BA00607187 /* Assets.xcassets */; };
		757C89A41E5155BA00607187 /* LaunchScreen.storyboard in Resources */ = {isa = PBXBuildFile; fileRef = 757C89A21E5155BA00607187 /* LaunchScreen.storyboard */; };
		757C89AE1E51561200607187 /* CircleSegmentView.swift in Sources */ = {isa = PBXBuildFile; fileRef = 757C89AD1E51561200607187 /* CircleSegmentView.swift */; };
/* End PBXBuildFile section */

/* Begin PBXFileReference section */
		757C89961E5155BA00607187 /* LoadingViews.app */ = {isa = PBXFileReference; explicitFileType = wrapper.application; includeInIndex = 0; path = LoadingViews.app; sourceTree = BUILT_PRODUCTS_DIR; };
		757C89991E5155BA00607187 /* AppDelegate.swift */ = {isa = PBXFileReference; lastKnownFileType = sourcecode.swift; path = AppDelegate.swift; sourceTree = "<group>"; };
		757C899B1E5155BA00607187 /* ViewController.swift */ = {isa = PBXFileReference; lastKnownFileType = sourcecode.swift; path = ViewController.swift; sourceTree = "<group>"; };
		757C899E1E5155BA00607187 /* Base */ = {isa = PBXFileReference; lastKnownFileType = file.storyboard; name = Base; path = Base.lproj/Main.storyboard; sourceTree = "<group>"; };
		757C89A01E5155BA00607187 /* Assets.xcassets */ = {isa = PBXFileReference; lastKnownFileType = folder.assetcatalog; path = Assets.xcassets; sourceTree = "<group>"; };
		757C89A31E5155BA00607187 /* Base */ = {isa = PBXFileReference; lastKnownFileType = file.storyboard; name = Base; path = Base.lproj/LaunchScreen.storyboard; sourceTree = "<group>"; };
		757C89A51E5155BA00607187 /* Info.plist */ = {isa = PBXFileReference; lastKnownFileType = text.plist.xml; path = Info.plist; sourceTree = "<group>"; };
		757C89AD1E51561200607187 /* CircleSegmentView.swift */ = {isa = PBXFileReference; fileEncoding = 4; lastKnownFileType = sourcecode.swift; path = CircleSegmentView.swift; sourceTree = "<group>"; };
/* End PBXFileReference section */

/* Begin PBXFrameworksBuildPhase section */
		757C89931E5155BA00607187 /* Frameworks */ = {
			isa = PBXFrameworksBuildPhase;
			buildActionMask = 2147483647;
			files = (
			);
			runOnlyForDeploymentPostprocessing = 0;
		};
/* End PBXFrameworksBuildPhase section */

/* Begin PBXGroup section */
		757C898D1E5155BA00607187 = {
			isa = PBXGroup;
			children = (
				757C89981E5155BA00607187 /* LoadingViews */,
				757C89971E5155BA00607187 /* Products */,
			);
			sourceTree = "<group>";
		};
		757C89971E5155BA00607187 /* Products */ = {
			isa = PBXGroup;
			children = (
				757C89961E5155BA00607187 /* LoadingViews.app */,
			);
			name = Products;
			sourceTree = "<group>";
		};
		757C89981E5155BA00607187 /* LoadingViews */ = {
			isa = PBXGroup;
			children = (
				757C89AB1E5155C600607187 /* Loading Views */,
				757C89AC1E5155D800607187 /* Demo */,
			);
			path = LoadingViews;
			sourceTree = "<group>";
		};
		757C89AB1E5155C600607187 /* Loading Views */ = {
			isa = PBXGroup;
			children = (
				757C89AD1E51561200607187 /* CircleSegmentView.swift */,
			);
			name = "Loading Views";
			sourceTree = "<group>";
		};
		757C89AC1E5155D800607187 /* Demo */ = {
			isa = PBXGroup;
			children = (
				757C89991E5155BA00607187 /* AppDelegate.swift */,
				757C899B1E5155BA00607187 /* ViewController.swift */,
				757C899D1E5155BA00607187 /* Main.storyboard */,
				757C89A01E5155BA00607187 /* Assets.xcassets */,
				757C89A21E5155BA00607187 /* LaunchScreen.storyboard */,
				757C89A51E5155BA00607187 /* Info.plist */,
			);
			name = Demo;
			sourceTree = "<group>";
		};
/* End PBXGroup section */

/* Begin PBXNativeTarget section */
		757C89951E5155BA00607187 /* LoadingViews */ = {
			isa = PBXNativeTarget;
			buildConfigurationList = 757C89A81E5155BA00607187 /* Build configuration list for PBXNativeTarget "LoadingViews" */;
			buildPhases = (
				757C89921E5155BA00607187 /* Sources */,
				757C89931E5155BA00607187 /* Frameworks */,
				757C89941E5155BA00607187 /* Resources */,
			);
			buildRules = (
			);
			dependencies = (
			);
			name = LoadingViews;
			productName = LoadingViews;
			productReference = 757C89961E5155BA00607187 /* LoadingViews.app */;
			productType = "com.apple.product-type.application";
		};
/* End PBXNativeTarget section */

/* Begin PBXProject section */
		757C898E1E5155BA00607187 /* Project object */ = {
			isa = PBXProject;
			attributes = {
				LastSwiftUpdateCheck = 0820;
				LastUpgradeCheck = 0820;
				ORGANIZATIONNAME = "Claybrook Software";
				TargetAttributes = {
					757C89951E5155BA00607187 = {
						CreatedOnToolsVersion = 8.2.1;
						DevelopmentTeam = 4SGAZDJL4U;
						ProvisioningStyle = Automatic;
					};
				};
			};
			buildConfigurationList = 757C89911E5155BA00607187 /* Build configuration list for PBXProject "LoadingViews" */;
			compatibilityVersion = "Xcode 3.2";
			developmentRegion = English;
			hasScannedForEncodings = 0;
			knownRegions = (
				en,
				Base,
			);
			mainGroup = 757C898D1E5155BA00607187;
			productRefGroup = 757C89971E5155BA00607187 /* Products */;
			projectDirPath = "";
			projectRoot = "";
			targets = (
				757C89951E5155BA00607187 /* LoadingViews */,
			);
		};
/* End PBXProject section */

/* Begin PBXResourcesBuildPhase section */
		757C89941E5155BA00607187 /* Resources */ = {
			isa = PBXResourcesBuildPhase;
			buildActionMask = 2147483647;
			files = (
				757C89A41E5155BA00607187 /* LaunchScreen.storyboard in Resources */,
				757C89A11E5155BA00607187 /* Assets.xcassets in Resources */,
				757C899F1E5155BA00607187 /* Main.storyboard in Resources */,
			);
			runOnlyForDeploymentPostprocessing = 0;
		};
/* End PBXResourcesBuildPhase section */

/* Begin PBXSourcesBuildPhase section */
		757C89921E5155BA00607187 /* Sources */ = {
			isa = PBXSourcesBuildPhase;
			buildActionMask = 2147483647;
			files = (
				757C899C1E5155BA00607187 /* ViewController.swift in Sources */,
				757C89AE1E51561200607187 /* CircleSegmentView.swift in Sources */,
				757C899A1E5155BA00607187 /* AppDelegate.swift in Sources */,
			);
			runOnlyForDeploymentPostprocessing = 0;
		};
/* End PBXSourcesBuildPhase section */

/* Begin PBXVariantGroup section */
		757C899D1E5155BA00607187 /* Main.storyboard */ = {
			isa = PBXVariantGroup;
			children = (
				757C899E1E5155BA00607187 /* Base */,
			);
			name = Main.storyboard;
			sourceTree = "<group>";
		};
		757C89A21E5155BA00607187 /* LaunchScreen.storyboard */ = {
			isa = PBXVariantGroup;
			children = (
				757C89A31E5155BA00607187 /* Base */,
			);
			name = LaunchScreen.storyboard;
			sourceTree = "<group>";
		};
/* End PBXVariantGroup section */

/* Begin XCBuildConfiguration section */
		757C89A61E5155BA00607187 /* Debug */ = {
			isa = XCBuildConfiguration;
			buildSettings = {
				ALWAYS_SEARCH_USER_PATHS = NO;
				CLANG_ANALYZER_NONNULL = YES;
				CLANG_CXX_LANGUAGE_STANDARD = "gnu++0x";
				CLANG_CXX_LIBRARY = "libc++";
				CLANG_ENABLE_MODULES = YES;
				CLANG_ENABLE_OBJC_ARC = YES;
				CLANG_WARN_BOOL_CONVERSION = YES;
				CLANG_WARN_CONSTANT_CONVERSION = YES;
				CLANG_WARN_DIRECT_OBJC_ISA_USAGE = YES_ERROR;
				CLANG_WARN_DOCUMENTATION_COMMENTS = YES;
				CLANG_WARN_EMPTY_BODY = YES;
				CLANG_WARN_ENUM_CONVERSION = YES;
				CLANG_WARN_INFINITE_RECURSION = YES;
				CLANG_WARN_INT_CONVERSION = YES;
				CLANG_WARN_OBJC_ROOT_CLASS = YES_ERROR;
				CLANG_WARN_SUSPICIOUS_MOVE = YES;
				CLANG_WARN_UNREACHABLE_CODE = YES;
				CLANG_WARN__DUPLICATE_METHOD_MATCH = YES;
				"CODE_SIGN_IDENTITY[sdk=iphoneos*]" = "iPhone Developer";
				COPY_PHASE_STRIP = NO;
				DEBUG_INFORMATION_FORMAT = dwarf;
				ENABLE_STRICT_OBJC_MSGSEND = YES;
				ENABLE_TESTABILITY = YES;
				GCC_C_LANGUAGE_STANDARD = gnu99;
				GCC_DYNAMIC_NO_PIC = NO;
				GCC_NO_COMMON_BLOCKS = YES;
				GCC_OPTIMIZATION_LEVEL = 0;
				GCC_PREPROCESSOR_DEFINITIONS = (
					"DEBUG=1",
					"$(inherited)",
				);
				GCC_WARN_64_TO_32_BIT_CONVERSION = YES;
				GCC_WARN_ABOUT_RETURN_TYPE = YES_ERROR;
				GCC_WARN_UNDECLARED_SELECTOR = YES;
				GCC_WARN_UNINITIALIZED_AUTOS = YES_AGGRESSIVE;
				GCC_WARN_UNUSED_FUNCTION = YES;
				GCC_WARN_UNUSED_VARIABLE = YES;
				IPHONEOS_DEPLOYMENT_TARGET = 10.2;
				MTL_ENABLE_DEBUG_INFO = YES;
				ONLY_ACTIVE_ARCH = YES;
				SDKROOT = iphoneos;
				SWIFT_ACTIVE_COMPILATION_CONDITIONS = DEBUG;
				SWIFT_OPTIMIZATION_LEVEL = "-Onone";
			};
			name = Debug;
		};
		757C89A71E5155BA00607187 /* Release */ = {
			isa = XCBuildConfiguration;
			buildSettings = {
				ALWAYS_SEARCH_USER_PATHS = NO;
				CLANG_ANALYZER_NONNULL = YES;
				CLANG_CXX_LANGUAGE_STANDARD = "gnu++0x";
				CLANG_CXX_LIBRARY = "libc++";
				CLANG_ENABLE_MODULES = YES;
				CLANG_ENABLE_OBJC_ARC = YES;
				CLANG_WARN_BOOL_CONVERSION = YES;
				CLANG_WARN_CONSTANT_CONVERSION = YES;
				CLANG_WARN_DIRECT_OBJC_ISA_USAGE = YES_ERROR;
				CLANG_WARN_DOCUMENTATION_COMMENTS = YES;
				CLANG_WARN_EMPTY_BODY = YES;
				CLANG_WARN_ENUM_CONVERSION = YES;
				CLANG_WARN_INFINITE_RECURSION = YES;
				CLANG_WARN_INT_CONVERSION = YES;
				CLANG_WARN_OBJC_ROOT_CLASS = YES_ERROR;
				CLANG_WARN_SUSPICIOUS_MOVE = YES;
				CLANG_WARN_UNREACHABLE_CODE = YES;
				CLANG_WARN__DUPLICATE_METHOD_MATCH = YES;
				"CODE_SIGN_IDENTITY[sdk=iphoneos*]" = "iPhone Developer";
				COPY_PHASE_STRIP = NO;
				DEBUG_INFORMATION_FORMAT = "dwarf-with-dsym";
				ENABLE_NS_ASSERTIONS = NO;
				ENABLE_STRICT_OBJC_MSGSEND = YES;
				GCC_C_LANGUAGE_STANDARD = gnu99;
				GCC_NO_COMMON_BLOCKS = YES;
				GCC_WARN_64_TO_32_BIT_CONVERSION = YES;
				GCC_WARN_ABOUT_RETURN_TYPE = YES_ERROR;
				GCC_WARN_UNDECLARED_SELECTOR = YES;
				GCC_WARN_UNINITIALIZED_AUTOS = YES_AGGRESSIVE;
				GCC_WARN_UNUSED_FUNCTION = YES;
				GCC_WARN_UNUSED_VARIABLE = YES;
				IPHONEOS_DEPLOYMENT_TARGET = 10.2;
				MTL_ENABLE_DEBUG_INFO = NO;
				SDKROOT = iphoneos;
				SWIFT_OPTIMIZATION_LEVEL = "-Owholemodule";
				VALIDATE_PRODUCT = YES;
			};
			name = Release;
		};
		757C89A91E5155BA00607187 /* Debug */ = {
			isa = XCBuildConfiguration;
			buildSettings = {
				ASSETCATALOG_COMPILER_APPICON_NAME = AppIcon;
				DEVELOPMENT_TEAM = 4SGAZDJL4U;
				INFOPLIST_FILE = LoadingViews/Info.plist;
				LD_RUNPATH_SEARCH_PATHS = "$(inherited) @executable_path/Frameworks";
				PRODUCT_BUNDLE_IDENTIFIER = com.claybrooksoftware.LoadingViews;
				PRODUCT_NAME = "$(TARGET_NAME)";
				SWIFT_VERSION = 3.0;
			};
			name = Debug;
		};
		757C89AA1E5155BA00607187 /* Release */ = {
			isa = XCBuildConfiguration;
			buildSettings = {
				ASSETCATALOG_COMPILER_APPICON_NAME = AppIcon;
				DEVELOPMENT_TEAM = 4SGAZDJL4U;
				INFOPLIST_FILE = LoadingViews/Info.plist;
				LD_RUNPATH_SEARCH_PATHS = "$(inherited) @executable_path/Frameworks";
				PRODUCT_BUNDLE_IDENTIFIER = com.claybrooksoftware.LoadingViews;
				PRODUCT_NAME = "$(TARGET_NAME)";
				SWIFT_VERSION = 3.0;
			};
			name = Release;
		};
/* End XCBuildConfiguration section */

/* Begin XCConfigurationList section */
		757C89911E5155BA00607187 /* Build configuration list for PBXProject "LoadingViews" */ = {
			isa = XCConfigurationList;
			buildConfigurations = (
				757C89A61E5155BA00607187 /* Debug */,
				757C89A71E5155BA00607187 /* Release */,
			);
			defaultConfigurationIsVisible = 0;
			defaultConfigurationName = Release;
		};
		757C89A81E5155BA00607187 /* Build configuration list for PBXNativeTarget "LoadingViews" */ = {
			isa = XCConfigurationList;
			buildConfigurations = (
				757C89A91E5155BA00607187 /* Debug */,
				757C89AA1E5155BA00607187 /* Release */,
			);
			defaultConfigurationIsVisible = 0;
		};
/* End XCConfigurationList section */
	};
	rootObject = 757C898E1E5155BA00607187 /* Project object */;
}
